
Microsoft Visual Studio Solution File, Format Version 12.00
# Visual Studio 15
VisualStudioVersion = 15.0.27130.2027
MinimumVisualStudioVersion = 10.0.40219.1
Project("{FAE04EC0-301F-11D3-BF4B-00C04F79EFBC}") = "NewsSystem", "NewsSystem\NewsSystem.csproj", "{001A15BF-5926-47F5-9741-345A0A388122}"
EndProject
Project("{FAE04EC0-301F-11D3-BF4B-00C04F79EFBC}") = "NewsSystem.Data", "NewsSystem.Data\NewsSystem.Data.csproj", "{0712E07B-373C-43DF-8DA7-4443EE7CBF37}"
EndProject
Project("{FAE04EC0-301F-11D3-BF4B-00C04F79EFBC}") = "NewsSystem.Models", "NewsSystem.Models\NewsSystem.Models.csproj", "{AE43BBCA-E234-493E-9BD1-7027A3657576}"
EndProject
Project("{FAE04EC0-301F-11D3-BF4B-00C04F79EFBC}") = "NewsSystem.Services", "NewsSystem.Services\NewsSystem.Services.csproj", "{1013C350-DB58-4E2D-BF99-FE72095EAA53}"
EndProject
Global
	GlobalSection(SolutionConfigurationPlatforms) = preSolution
		Debug|Any CPU = Debug|Any CPU
		Release|Any CPU = Release|Any CPU
	EndGlobalSection
	GlobalSection(ProjectConfigurationPlatforms) = postSolution
		{001A15BF-5926-47F5-9741-345A0A388122}.Debug|Any CPU.ActiveCfg = Debug|Any CPU
		{001A15BF-5926-47F5-9741-345A0A388122}.Debug|Any CPU.Build.0 = Debug|Any CPU
		{001A15BF-5926-47F5-9741-345A0A388122}.Release|Any CPU.ActiveCfg = Release|Any CPU
		{001A15BF-5926-47F5-9741-345A0A388122}.Release|Any CPU.Build.0 = Release|Any CPU
		{0712E07B-373C-43DF-8DA7-4443EE7CBF37}.Debug|Any CPU.ActiveCfg = Debug|Any CPU
		{0712E07B-373C-43DF-8DA7-4443EE7CBF37}.Debug|Any CPU.Build.0 = Debug|Any CPU
		{0712E07B-373C-43DF-8DA7-4443EE7CBF37}.Release|Any CPU.ActiveCfg = Release|Any CPU
		{0712E07B-373C-43DF-8DA7-4443EE7CBF37}.Release|Any CPU.Build.0 = Release|Any CPU
		{AE43BBCA-E234-493E-9BD1-7027A3657576}.Debug|Any CPU.ActiveCfg = Debug|Any CPU
		{AE43BBCA-E234-493E-9BD1-7027A3657576}.Debug|Any CPU.Build.0 = Debug|Any CPU
		{AE43BBCA-E234-493E-9BD1-7027A3657576}.Release|Any CPU.ActiveCfg = Release|Any CPU
		{AE43BBCA-E234-493E-9BD1-7027A3657576}.Release|Any CPU.Build.0 = Release|Any CPU
		{1013C350-DB58-4E2D-BF99-FE72095EAA53}.Debug|Any CPU.ActiveCfg = Debug|Any CPU
		{1013C350-DB58-4E2D-BF99-FE72095EAA53}.Debug|Any CPU.Build.0 = Debug|Any CPU
		{1013C350-DB58-4E2D-BF99-FE72095EAA53}.Release|Any CPU.ActiveCfg = Release|Any CPU
		{1013C350-DB58-4E2D-BF99-FE72095EAA53}.Release|Any CPU.Build.0 = Release|Any CPU
	EndGlobalSection
	GlobalSection(SolutionProperties) = preSolution
		HideSolutionNode = FALSE
	EndGlobalSection
	GlobalSection(ExtensibilityGlobals) = postSolution
		SolutionGuid = {F2601217-54B1-4AA8-B8C1-D71E6A6548D9}
	EndGlobalSection
EndGlobal
